// !$*UTF8*$!
{
	archiveVersion = 1;
	classes = {
	};
	objectVersion = 50;
	objects = {

/* Begin PBXBuildFile section */
		18627BE420C05DF900B2C866 /* AppDelegate.swift in Sources */ = {isa = PBXBuildFile; fileRef = 18627BE320C05DF900B2C866 /* AppDelegate.swift */; };
		18627BE620C05DF900B2C866 /* ViewController.swift in Sources */ = {isa = PBXBuildFile; fileRef = 18627BE520C05DF900B2C866 /* ViewController.swift */; };
		18627BE920C05DF900B2C866 /* Main.storyboard in Resources */ = {isa = PBXBuildFile; fileRef = 18627BE720C05DF900B2C866 /* Main.storyboard */; };
		18627BEB20C05DFB00B2C866 /* Assets.xcassets in Resources */ = {isa = PBXBuildFile; fileRef = 18627BEA20C05DFB00B2C866 /* Assets.xcassets */; };
		18627BEE20C05DFB00B2C866 /* LaunchScreen.storyboard in Resources */ = {isa = PBXBuildFile; fileRef = 18627BEC20C05DFB00B2C866 /* LaunchScreen.storyboard */; };
		18627BF920C05DFB00B2C866 /* ToastTests.swift in Sources */ = {isa = PBXBuildFile; fileRef = 18627BF820C05DFB00B2C866 /* ToastTests.swift */; };
		18627C0420C05DFB00B2C866 /* ToastUITests.swift in Sources */ = {isa = PBXBuildFile; fileRef = 18627C0320C05DFB00B2C866 /* ToastUITests.swift */; };
		18627C1420C05EF800B2C866 /* ToastUtil.swift in Sources */ = {isa = PBXBuildFile; fileRef = 18627C1320C05EF800B2C866 /* ToastUtil.swift */; };
/* End PBXBuildFile section */

/* Begin PBXContainerItemProxy section */
		18627BF520C05DFB00B2C866 /* PBXContainerItemProxy */ = {
			isa = PBXContainerItemProxy;
			containerPortal = 18627BD820C05DF900B2C866 /* Project object */;
			proxyType = 1;
			remoteGlobalIDString = 18627BDF20C05DF900B2C866;
			remoteInfo = Toast;
		};
		18627C0020C05DFB00B2C866 /* PBXContainerItemProxy */ = {
			isa = PBXContainerItemProxy;
			containerPortal = 18627BD820C05DF900B2C866 /* Project object */;
			proxyType = 1;
			remoteGlobalIDString = 18627BDF20C05DF900B2C866;
			remoteInfo = Toast;
		};
/* End PBXContainerItemProxy section */

/* Begin PBXFileReference section */
		18627BE020C05DF900B2C866 /* Toast.app */ = {isa = PBXFileReference; explicitFileType = wrapper.application; includeInIndex = 0; path = Toast.app; sourceTree = BUILT_PRODUCTS_DIR; };
		18627BE320C05DF900B2C866 /* AppDelegate.swift */ = {isa = PBXFileReference; lastKnownFileType = sourcecode.swift; path = AppDelegate.swift; sourceTree = "<group>"; };
		18627BE520C05DF900B2C866 /* ViewController.swift */ = {isa = PBXFileReference; lastKnownFileType = sourcecode.swift; path = ViewController.swift; sourceTree = "<group>"; };
		18627BE820C05DF900B2C866 /* Base */ = {isa = PBXFileReference; lastKnownFileType = file.storyboard; name = Base; path = Base.lproj/Main.storyboard; sourceTree = "<group>"; };
		18627BEA20C05DFB00B2C866 /* Assets.xcassets */ = {isa = PBXFileReference; lastKnownFileType = folder.assetcatalog; path = Assets.xcassets; sourceTree = "<group>"; };
		18627BED20C05DFB00B2C866 /* Base */ = {isa = PBXFileReference; lastKnownFileType = file.storyboard; name = Base; path = Base.lproj/LaunchScreen.storyboard; sourceTree = "<group>"; };
		18627BEF20C05DFB00B2C866 /* Info.plist */ = {isa = PBXFileReference; lastKnownFileType = text.plist.xml; path = Info.plist; sourceTree = "<group>"; };
		18627BF420C05DFB00B2C866 /* ToastTests.xctest */ = {isa = PBXFileReference; explicitFileType = wrapper.cfbundle; includeInIndex = 0; path = ToastTests.xctest; sourceTree = BUILT_PRODUCTS_DIR; };
		18627BF820C05DFB00B2C866 /* ToastTests.swift */ = {isa = PBXFileReference; lastKnownFileType = sourcecode.swift; path = ToastTests.swift; sourceTree = "<group>"; };
		18627BFA20C05DFB00B2C866 /* Info.plist */ = {isa = PBXFileReference; lastKnownFileType = text.plist.xml; path = Info.plist; sourceTree = "<group>"; };
		18627BFF20C05DFB00B2C866 /* ToastUITests.xctest */ = {isa = PBXFileReference; explicitFileType = wrapper.cfbundle; includeInIndex = 0; path = ToastUITests.xctest; sourceTree = BUILT_PRODUCTS_DIR; };
		18627C0320C05DFB00B2C866 /* ToastUITests.swift */ = {isa = PBXFileReference; lastKnownFileType = sourcecode.swift; path = ToastUITests.swift; sourceTree = "<group>"; };
		18627C0520C05DFB00B2C866 /* Info.plist */ = {isa = PBXFileReference; lastKnownFileType = text.plist.xml; path = Info.plist; sourceTree = "<group>"; };
		18627C1320C05EF800B2C866 /* ToastUtil.swift */ = {isa = PBXFileReference; lastKnownFileType = sourcecode.swift; path = ToastUtil.swift; sourceTree = "<group>"; };
/* End PBXFileReference section */

/* Begin PBXFrameworksBuildPhase section */
		18627BDD20C05DF900B2C866 /* Frameworks */ = {
			isa = PBXFrameworksBuildPhase;
			buildActionMask = 2147483647;
			files = (
			);
			runOnlyForDeploymentPostprocessing = 0;
		};
		18627BF120C05DFB00B2C866 /* Frameworks */ = {
			isa = PBXFrameworksBuildPhase;
			buildActionMask = 2147483647;
			files = (
			);
			runOnlyForDeploymentPostprocessing = 0;
		};
		18627BFC20C05DFB00B2C866 /* Frameworks */ = {
			isa = PBXFrameworksBuildPhase;
			buildActionMask = 2147483647;
			files = (
			);
			runOnlyForDeploymentPostprocessing = 0;
		};
/* End PBXFrameworksBuildPhase section */

/* Begin PBXGroup section */
		18627BD720C05DF900B2C866 = {
			isa = PBXGroup;
			children = (
				18627BE220C05DF900B2C866 /* Toast */,
				18627BF720C05DFB00B2C866 /* ToastTests */,
				18627C0220C05DFB00B2C866 /* ToastUITests */,
				18627BE120C05DF900B2C866 /* Products */,
			);
			sourceTree = "<group>";
		};
		18627BE120C05DF900B2C866 /* Products */ = {
			isa = PBXGroup;
			children = (
				18627BE020C05DF900B2C866 /* Toast.app */,
				18627BF420C05DFB00B2C866 /* ToastTests.xctest */,
				18627BFF20C05DFB00B2C866 /* ToastUITests.xctest */,
			);
			name = Products;
			sourceTree = "<group>";
		};
		18627BE220C05DF900B2C866 /* Toast */ = {
			isa = PBXGroup;
			children = (
				18627C1220C05EE000B2C866 /* Sources */,
				18627BE320C05DF900B2C866 /* AppDelegate.swift */,
				18627BE520C05DF900B2C866 /* ViewController.swift */,
				18627BE720C05DF900B2C866 /* Main.storyboard */,
				18627BEA20C05DFB00B2C866 /* Assets.xcassets */,
				18627BEC20C05DFB00B2C866 /* LaunchScreen.storyboard */,
				18627BEF20C05DFB00B2C866 /* Info.plist */,
			);
			path = Toast;
			sourceTree = "<group>";
		};
		18627BF720C05DFB00B2C866 /* ToastTests */ = {
			isa = PBXGroup;
			children = (
				18627BF820C05DFB00B2C866 /* ToastTests.swift */,
				18627BFA20C05DFB00B2C866 /* Info.plist */,
			);
			path = ToastTests;
			sourceTree = "<group>";
		};
		18627C0220C05DFB00B2C866 /* ToastUITests */ = {
			isa = PBXGroup;
			children = (
				18627C0320C05DFB00B2C866 /* ToastUITests.swift */,
				18627C0520C05DFB00B2C866 /* Info.plist */,
			);
			path = ToastUITests;
			sourceTree = "<group>";
		};
		18627C1220C05EE000B2C866 /* Sources */ = {
			isa = PBXGroup;
			children = (
				18627C1320C05EF800B2C866 /* ToastUtil.swift */,
			);
			path = Sources;
			sourceTree = "<group>";
		};
/* End PBXGroup section */

/* Begin PBXNativeTarget section */
		18627BDF20C05DF900B2C866 /* Toast */ = {
			isa = PBXNativeTarget;
			buildConfigurationList = 18627C0820C05DFB00B2C866 /* Build configuration list for PBXNativeTarget "Toast" */;
			buildPhases = (
				18627BDC20C05DF900B2C866 /* Sources */,
				18627BDD20C05DF900B2C866 /* Frameworks */,
				18627BDE20C05DF900B2C866 /* Resources */,
			);
			buildRules = (
			);
			dependencies = (
			);
			name = Toast;
			productName = Toast;
			productReference = 18627BE020C05DF900B2C866 /* Toast.app */;
			productType = "com.apple.product-type.application";
		};
		18627BF320C05DFB00B2C866 /* ToastTests */ = {
			isa = PBXNativeTarget;
			buildConfigurationList = 18627C0B20C05DFB00B2C866 /* Build configuration list for PBXNativeTarget "ToastTests" */;
			buildPhases = (
				18627BF020C05DFB00B2C866 /* Sources */,
				18627BF120C05DFB00B2C866 /* Frameworks */,
				18627BF220C05DFB00B2C866 /* Resources */,
			);
			buildRules = (
			);
			dependencies = (
				18627BF620C05DFB00B2C866 /* PBXTargetDependency */,
			);
			name = ToastTests;
			productName = ToastTests;
			productReference = 18627BF420C05DFB00B2C866 /* ToastTests.xctest */;
			productType = "com.apple.product-type.bundle.unit-test";
		};
		18627BFE20C05DFB00B2C866 /* ToastUITests */ = {
			isa = PBXNativeTarget;
			buildConfigurationList = 18627C0E20C05DFB00B2C866 /* Build configuration list for PBXNativeTarget "ToastUITests" */;
			buildPhases = (
				18627BFB20C05DFB00B2C866 /* Sources */,
				18627BFC20C05DFB00B2C866 /* Frameworks */,
				18627BFD20C05DFB00B2C866 /* Resources */,
			);
			buildRules = (
			);
			dependencies = (
				18627C0120C05DFB00B2C866 /* PBXTargetDependency */,
			);
			name = ToastUITests;
			productName = ToastUITests;
			productReference = 18627BFF20C05DFB00B2C866 /* ToastUITests.xctest */;
			productType = "com.apple.product-type.bundle.ui-testing";
		};
/* End PBXNativeTarget section */

/* Begin PBXProject section */
		18627BD820C05DF900B2C866 /* Project object */ = {
			isa = PBXProject;
			attributes = {
				LastSwiftUpdateCheck = 0930;
				LastUpgradeCheck = 0930;
				ORGANIZATIONNAME = Raja;
				TargetAttributes = {
					18627BDF20C05DF900B2C866 = {
						CreatedOnToolsVersion = 9.3;
					};
					18627BF320C05DFB00B2C866 = {
						CreatedOnToolsVersion = 9.3;
						TestTargetID = 18627BDF20C05DF900B2C866;
					};
					18627BFE20C05DFB00B2C866 = {
						CreatedOnToolsVersion = 9.3;
						TestTargetID = 18627BDF20C05DF900B2C866;
					};
				};
			};
			buildConfigurationList = 18627BDB20C05DF900B2C866 /* Build configuration list for PBXProject "Toast" */;
			compatibilityVersion = "Xcode 9.3";
			developmentRegion = en;
			hasScannedForEncodings = 0;
			knownRegions = (
				en,
				Base,
			);
			mainGroup = 18627BD720C05DF900B2C866;
			productRefGroup = 18627BE120C05DF900B2C866 /* Products */;
			projectDirPath = "";
			projectRoot = "";
			targets = (
				18627BDF20C05DF900B2C866 /* Toast */,
				18627BF320C05DFB00B2C866 /* ToastTests */,
				18627BFE20C05DFB00B2C866 /* ToastUITests */,
			);
		};
/* End PBXProject section */

/* Begin PBXResourcesBuildPhase section */
		18627BDE20C05DF900B2C866 /* Resources */ = {
			isa = PBXResourcesBuildPhase;
			buildActionMask = 2147483647;
			files = (
				18627BEE20C05DFB00B2C866 /* LaunchScreen.storyboard in Resources */,
				18627BEB20C05DFB00B2C866 /* Assets.xcassets in Resources */,
				18627BE920C05DF900B2C866 /* Main.storyboard in Resources */,
			);
			runOnlyForDeploymentPostprocessing = 0;
		};
		18627BF220C05DFB00B2C866 /* Resources */ = {
			isa = PBXResourcesBuildPhase;
			buildActionMask = 2147483647;
			files = (
			);
			runOnlyForDeploymentPostprocessing = 0;
		};
		18627BFD20C05DFB00B2C866 /* Resources */ = {
			isa = PBXResourcesBuildPhase;
			buildActionMask = 2147483647;
			files = (
			);
			runOnlyForDeploymentPostprocessing = 0;
		};
/* End PBXResourcesBuildPhase section */

/* Begin PBXSourcesBuildPhase section */
		18627BDC20C05DF900B2C866 /* Sources */ = {
			isa = PBXSourcesBuildPhase;
			buildActionMask = 2147483647;
			files = (
				18627C1420C05EF800B2C866 /* ToastUtil.swift in Sources */,
				18627BE620C05DF900B2C866 /* ViewController.swift in Sources */,
				18627BE420C05DF900B2C866 /* AppDelegate.swift in Sources */,
			);
			runOnlyForDeploymentPostprocessing = 0;
		};
		18627BF020C05DFB00B2C866 /* Sources */ = {
			isa = PBXSourcesBuildPhase;
			buildActionMask = 2147483647;
			files = (
				18627BF920C05DFB00B2C866 /* ToastTests.swift in Sources */,
			);
			runOnlyForDeploymentPostprocessing = 0;
		};
		18627BFB20C05DFB00B2C866 /* Sources */ = {
			isa = PBXSourcesBuildPhase;
			buildActionMask = 2147483647;
			files = (
				18627C0420C05DFB00B2C866 /* ToastUITests.swift in Sources */,
			);
			runOnlyForDeploymentPostprocessing = 0;
		};
/* End PBXSourcesBuildPhase section */

/* Begin PBXTargetDependency section */
		18627BF620C05DFB00B2C866 /* PBXTargetDependency */ = {
			isa = PBXTargetDependency;
			target = 18627BDF20C05DF900B2C866 /* Toast */;
			targetProxy = 18627BF520C05DFB00B2C866 /* PBXContainerItemProxy */;
		};
		18627C0120C05DFB00B2C866 /* PBXTargetDependency */ = {
			isa = PBXTargetDependency;
			target = 18627BDF20C05DF900B2C866 /* Toast */;
			targetProxy = 18627C0020C05DFB00B2C866 /* PBXContainerItemProxy */;
		};
/* End PBXTargetDependency section */

/* Begin PBXVariantGroup section */
		18627BE720C05DF900B2C866 /* Main.storyboard */ = {
			isa = PBXVariantGroup;
			children = (
				18627BE820C05DF900B2C866 /* Base */,
			);
			name = Main.storyboard;
			sourceTree = "<group>";
		};
		18627BEC20C05DFB00B2C866 /* LaunchScreen.storyboard */ = {
			isa = PBXVariantGroup;
			children = (
				18627BED20C05DFB00B2C866 /* Base */,
			);
			name = LaunchScreen.storyboard;
			sourceTree = "<group>";
		};
/* End PBXVariantGroup section */

/* Begin XCBuildConfiguration section */
		18627C0620C05DFB00B2C866 /* Debug */ = {
			isa = XCBuildConfiguration;
			buildSettings = {
				ALWAYS_SEARCH_USER_PATHS = NO;
				CLANG_ANALYZER_NONNULL = YES;
				CLANG_ANALYZER_NUMBER_OBJECT_CONVERSION = YES_AGGRESSIVE;
				CLANG_CXX_LANGUAGE_STANDARD = "gnu++14";
				CLANG_CXX_LIBRARY = "libc++";
				CLANG_ENABLE_MODULES = YES;
				CLANG_ENABLE_OBJC_ARC = YES;
				CLANG_ENABLE_OBJC_WEAK = YES;
				CLANG_WARN_BLOCK_CAPTURE_AUTORELEASING = YES;
				CLANG_WARN_BOOL_CONVERSION = YES;
				CLANG_WARN_COMMA = YES;
				CLANG_WARN_CONSTANT_CONVERSION = YES;
				CLANG_WARN_DEPRECATED_OBJC_IMPLEMENTATIONS = YES;
				CLANG_WARN_DIRECT_OBJC_ISA_USAGE = YES_ERROR;
				CLANG_WARN_DOCUMENTATION_COMMENTS = YES;
				CLANG_WARN_EMPTY_BODY = YES;
				CLANG_WARN_ENUM_CONVERSION = YES;
				CLANG_WARN_INFINITE_RECURSION = YES;
				CLANG_WARN_INT_CONVERSION = YES;
				CLANG_WARN_NON_LITERAL_NULL_CONVERSION = YES;
				CLANG_WARN_OBJC_IMPLICIT_RETAIN_SELF = YES;
				CLANG_WARN_OBJC_LITERAL_CONVERSION = YES;
				CLANG_WARN_OBJC_ROOT_CLASS = YES_ERROR;
				CLANG_WARN_RANGE_LOOP_ANALYSIS = YES;
				CLANG_WARN_STRICT_PROTOTYPES = YES;
				CLANG_WARN_SUSPICIOUS_MOVE = YES;
				CLANG_WARN_UNGUARDED_AVAILABILITY = YES_AGGRESSIVE;
				CLANG_WARN_UNREACHABLE_CODE = YES;
				CLANG_WARN__DUPLICATE_METHOD_MATCH = YES;
				CODE_SIGN_IDENTITY = "iPhone Developer";
				COPY_PHASE_STRIP = NO;
				DEBUG_INFORMATION_FORMAT = dwarf;
				ENABLE_STRICT_OBJC_MSGSEND = YES;
				ENABLE_TESTABILITY = YES;
				GCC_C_LANGUAGE_STANDARD = gnu11;
				GCC_DYNAMIC_NO_PIC = NO;
				GCC_NO_COMMON_BLOCKS = YES;
				GCC_OPTIMIZATION_LEVEL = 0;
				GCC_PREPROCESSOR_DEFINITIONS = (
					"DEBUG=1",
					"$(inherited)",
				);
				GCC_WARN_64_TO_32_BIT_CONVERSION = YES;
				GCC_WARN_ABOUT_RETURN_TYPE = YES_ERROR;
				GCC_WARN_UNDECLARED_SELECTOR = YES;
				GCC_WARN_UNINITIALIZED_AUTOS = YES_AGGRESSIVE;
				GCC_WARN_UNUSED_FUNCTION = YES;
				GCC_WARN_UNUSED_VARIABLE = YES;
				IPHONEOS_DEPLOYMENT_TARGET = 11.3;
				MTL_ENABLE_DEBUG_INFO = YES;
				ONLY_ACTIVE_ARCH = YES;
				SDKROOT = iphoneos;
				SWIFT_ACTIVE_COMPILATION_CONDITIONS = DEBUG;
				SWIFT_OPTIMIZATION_LEVEL = "-Onone";
			};
			name = Debug;
		};
		18627C0720C05DFB00B2C866 /* Release */ = {
			isa = XCBuildConfiguration;
			buildSettings = {
				ALWAYS_SEARCH_USER_PATHS = NO;
				CLANG_ANALYZER_NONNULL = YES;
				CLANG_ANALYZER_NUMBER_OBJECT_CONVERSION = YES_AGGRESSIVE;
				CLANG_CXX_LANGUAGE_STANDARD = "gnu++14";
				CLANG_CXX_LIBRARY = "libc++";
				CLANG_ENABLE_MODULES = YES;
				CLANG_ENABLE_OBJC_ARC = YES;
				CLANG_ENABLE_OBJC_WEAK = YES;
				CLANG_WARN_BLOCK_CAPTURE_AUTORELEASING = YES;
				CLANG_WARN_BOOL_CONVERSION = YES;
				CLANG_WARN_COMMA = YES;
				CLANG_WARN_CONSTANT_CONVERSION = YES;
				CLANG_WARN_DEPRECATED_OBJC_IMPLEMENTATIONS = YES;
				CLANG_WARN_DIRECT_OBJC_ISA_USAGE = YES_ERROR;
				CLANG_WARN_DOCUMENTATION_COMMENTS = YES;
				CLANG_WARN_EMPTY_BODY = YES;
				CLANG_WARN_ENUM_CONVERSION = YES;
				CLANG_WARN_INFINITE_RECURSION = YES;
				CLANG_WARN_INT_CONVERSION = YES;
				CLANG_WARN_NON_LITERAL_NULL_CONVERSION = YES;
				CLANG_WARN_OBJC_IMPLICIT_RETAIN_SELF = YES;
				CLANG_WARN_OBJC_LITERAL_CONVERSION = YES;
				CLANG_WARN_OBJC_ROOT_CLASS = YES_ERROR;
				CLANG_WARN_RANGE_LOOP_ANALYSIS = YES;
				CLANG_WARN_STRICT_PROTOTYPES = YES;
				CLANG_WARN_SUSPICIOUS_MOVE = YES;
				CLANG_WARN_UNGUARDED_AVAILABILITY = YES_AGGRESSIVE;
				CLANG_WARN_UNREACHABLE_CODE = YES;
				CLANG_WARN__DUPLICATE_METHOD_MATCH = YES;
				CODE_SIGN_IDENTITY = "iPhone Developer";
				COPY_PHASE_STRIP = NO;
				DEBUG_INFORMATION_FORMAT = "dwarf-with-dsym";
				ENABLE_NS_ASSERTIONS = NO;
				ENABLE_STRICT_OBJC_MSGSEND = YES;
				GCC_C_LANGUAGE_STANDARD = gnu11;
				GCC_NO_COMMON_BLOCKS = YES;
				GCC_WARN_64_TO_32_BIT_CONVERSION = YES;
				GCC_WARN_ABOUT_RETURN_TYPE = YES_ERROR;
				GCC_WARN_UNDECLARED_SELECTOR = YES;
				GCC_WARN_UNINITIALIZED_AUTOS = YES_AGGRESSIVE;
				GCC_WARN_UNUSED_FUNCTION = YES;
				GCC_WARN_UNUSED_VARIABLE = YES;
				IPHONEOS_DEPLOYMENT_TARGET = 11.3;
				MTL_ENABLE_DEBUG_INFO = NO;
				SDKROOT = iphoneos;
				SWIFT_COMPILATION_MODE = wholemodule;
				SWIFT_OPTIMIZATION_LEVEL = "-O";
				VALIDATE_PRODUCT = YES;
			};
			name = Release;
		};
		18627C0920C05DFB00B2C866 /* Debug */ = {
			isa = XCBuildConfiguration;
			buildSettings = {
				ASSETCATALOG_COMPILER_APPICON_NAME = AppIcon;
				CODE_SIGN_STYLE = Automatic;
				INFOPLIST_FILE = Toast/Info.plist;
				IPHONEOS_DEPLOYMENT_TARGET = 9.0;
				LD_RUNPATH_SEARCH_PATHS = (
					"$(inherited)",
					"@executable_path/Frameworks",
				);
				PRODUCT_BUNDLE_IDENTIFIER = com.raja.Toast;
				PRODUCT_NAME = "$(TARGET_NAME)";
				SWIFT_VERSION = 4.0;
				TARGETED_DEVICE_FAMILY = "1,2";
			};
			name = Debug;
		};
		18627C0A20C05DFB00B2C866 /* Release */ = {
			isa = XCBuildConfiguration;
			buildSettings = {
				ASSETCATALOG_COMPILER_APPICON_NAME = AppIcon;
				CODE_SIGN_STYLE = Automatic;
				INFOPLIST_FILE = Toast/Info.plist;
				IPHONEOS_DEPLOYMENT_TARGET = 9.0;
				LD_RUNPATH_SEARCH_PATHS = (
					"$(inherited)",
					"@executable_path/Frameworks",
				);
				PRODUCT_BUNDLE_IDENTIFIER = com.raja.Toast;
				PRODUCT_NAME = "$(TARGET_NAME)";
				SWIFT_VERSION = 4.0;
				TARGETED_DEVICE_FAMILY = "1,2";
			};
			name = Release;
		};
		18627C0C20C05DFB00B2C866 /* Debug */ = {
			isa = XCBuildConfiguration;
			buildSettings = {
				ALWAYS_EMBED_SWIFT_STANDARD_LIBRARIES = YES;
				BUNDLE_LOADER = "$(TEST_HOST)";
				CODE_SIGN_STYLE = Automatic;
				INFOPLIST_FILE = ToastTests/Info.plist;
				LD_RUNPATH_SEARCH_PATHS = (
					"$(inherited)",
					"@executable_path/Frameworks",
					"@loader_path/Frameworks",
				);
				PRODUCT_BUNDLE_IDENTIFIER = com.raja.ToastTests;
				PRODUCT_NAME = "$(TARGET_NAME)";
				SWIFT_VERSION = 4.0;
				TARGETED_DEVICE_FAMILY = "1,2";
				TEST_HOST = "$(BUILT_PRODUCTS_DIR)/Toast.app/Toast";
			};
			name = Debug;
		};
		18627C0D20C05DFB00B2C866 /* Release */ = {
			isa = XCBuildConfiguration;
			buildSettings = {
				ALWAYS_EMBED_SWIFT_STANDARD_LIBRARIES = YES;
				BUNDLE_LOADER = "$(TEST_HOST)";
				CODE_SIGN_STYLE = Automatic;
				INFOPLIST_FILE = ToastTests/Info.plist;
				LD_RUNPATH_SEARCH_PATHS = (
					"$(inherited)",
					"@executable_path/Frameworks",
					"@loader_path/Frameworks",
				);
				PRODUCT_BUNDLE_IDENTIFIER = com.raja.ToastTests;
				PRODUCT_NAME = "$(TARGET_NAME)";
				SWIFT_VERSION = 4.0;
				TARGETED_DEVICE_FAMILY = "1,2";
				TEST_HOST = "$(BUILT_PRODUCTS_DIR)/Toast.app/Toast";
			};
			name = Release;
		};
		18627C0F20C05DFB00B2C866 /* Debug */ = {
			isa = XCBuildConfiguration;
			buildSettings = {
				ALWAYS_EMBED_SWIFT_STANDARD_LIBRARIES = YES;
				CODE_SIGN_STYLE = Automatic;
				INFOPLIST_FILE = ToastUITests/Info.plist;
				LD_RUNPATH_SEARCH_PATHS = (
					"$(inherited)",
					"@executable_path/Frameworks",
					"@loader_path/Frameworks",
				);
				PRODUCT_BUNDLE_IDENTIFIER = com.raja.ToastUITests;
				PRODUCT_NAME = "$(TARGET_NAME)";
				SWIFT_VERSION = 4.0;
				TARGETED_DEVICE_FAMILY = "1,2";
				TEST_TARGET_NAME = Toast;
			};
			name = Debug;
		};
		18627C1020C05DFB00B2C866 /* Release */ = {
			isa = XCBuildConfiguration;
			buildSettings = {
				ALWAYS_EMBED_SWIFT_STANDARD_LIBRARIES = YES;
				CODE_SIGN_STYLE = Automatic;
				INFOPLIST_FILE = ToastUITests/Info.plist;
				LD_RUNPATH_SEARCH_PATHS = (
					"$(inherited)",
					"@executable_path/Frameworks",
					"@loader_path/Frameworks",
				);
				PRODUCT_BUNDLE_IDENTIFIER = com.raja.ToastUITests;
				PRODUCT_NAME = "$(TARGET_NAME)";
				SWIFT_VERSION = 4.0;
				TARGETED_DEVICE_FAMILY = "1,2";
				TEST_TARGET_NAME = Toast;
			};
			name = Release;
		};
/* End XCBuildConfiguration section */

/* Begin XCConfigurationList section */
		18627BDB20C05DF900B2C866 /* Build configuration list for PBXProject "Toast" */ = {
			isa = XCConfigurationList;
			buildConfigurations = (
				18627C0620C05DFB00B2C866 /* Debug */,
				18627C0720C05DFB00B2C866 /* Release */,
			);
			defaultConfigurationIsVisible = 0;
			defaultConfigurationName = Release;
		};
		18627C0820C05DFB00B2C866 /* Build configuration list for PBXNativeTarget "Toast" */ = {
			isa = XCConfigurationList;
			buildConfigurations = (
				18627C0920C05DFB00B2C866 /* Debug */,
				18627C0A20C05DFB00B2C866 /* Release */,
			);
			defaultConfigurationIsVisible = 0;
			defaultConfigurationName = Release;
		};
		18627C0B20C05DFB00B2C866 /* Build configuration list for PBXNativeTarget "ToastTests" */ = {
			isa = XCConfigurationList;
			buildConfigurations = (
				18627C0C20C05DFB00B2C866 /* Debug */,
				18627C0D20C05DFB00B2C866 /* Release */,
			);
			defaultConfigurationIsVisible = 0;
			defaultConfigurationName = Release;
		};
		18627C0E20C05DFB00B2C866 /* Build configuration list for PBXNativeTarget "ToastUITests" */ = {
			isa = XCConfigurationList;
			buildConfigurations = (
				18627C0F20C05DFB00B2C866 /* Debug */,
				18627C1020C05DFB00B2C866 /* Release */,
			);
			defaultConfigurationIsVisible = 0;
			defaultConfigurationName = Release;
		};
/* End XCConfigurationList section */
	};
	rootObject = 18627BD820C05DF900B2C866 /* Project object */;
}
